
Microsoft Visual Studio Solution File, Format Version 12.00
# Visual Studio Version 17
VisualStudioVersion = 17.0.31825.309
MinimumVisualStudioVersion = 10.0.40219.1
Project("{9A19103F-16F7-4668-BE54-9A1E7A4F7556}") = "packages.SyntaxHighlighting", "packages.SyntaxHighlighting\packages.SyntaxHighlighting.csproj", "{0E30534F-F85F-4E2A-B4AA-0BFFA19E72CB}"
EndProject
Project("{FAE04EC0-301F-11D3-BF4B-00C04F79EFBC}") = "packages.ColorCode", "packages.ColorCode\packages.ColorCode.csproj", "{6C9E00C1-8086-4CA7-8250-4D2434EE0855}"
EndProject
Project("{FAE04EC0-301F-11D3-BF4B-00C04F79EFBC}") = "packages.SyntaxHighlighting.Tests", "packages.SyntaxHighlighting.Tests\packages.SyntaxHighlighting.Tests.csproj", "{4699A31A-C730-4290-8043-34161F7A86D9}"
EndProject
Project("{FAE04EC0-301F-11D3-BF4B-00C04F79EFBC}") = "packages.ColorCode.Tests", "packages.ColorCode.Tests\packages.ColorCode.Tests.csproj", "{4D6695E1-EDD0-4A98-814D-B024EBC6D2A3}"
EndProject
Global
	GlobalSection(SolutionConfigurationPlatforms) = preSolution
		Debug|Any CPU = Debug|Any CPU
		Release|Any CPU = Release|Any CPU
	EndGlobalSection
	GlobalSection(ProjectConfigurationPlatforms) = postSolution
		{0E30534F-F85F-4E2A-B4AA-0BFFA19E72CB}.Debug|Any CPU.ActiveCfg = Debug|Any CPU
		{0E30534F-F85F-4E2A-B4AA-0BFFA19E72CB}.Debug|Any CPU.Build.0 = Debug|Any CPU
		{0E30534F-F85F-4E2A-B4AA-0BFFA19E72CB}.Release|Any CPU.ActiveCfg = Release|Any CPU
		{0E30534F-F85F-4E2A-B4AA-0BFFA19E72CB}.Release|Any CPU.Build.0 = Release|Any CPU
		{6C9E00C1-8086-4CA7-8250-4D2434EE0855}.Debug|Any CPU.ActiveCfg = Debug|Any CPU
		{6C9E00C1-8086-4CA7-8250-4D2434EE0855}.Debug|Any CPU.Build.0 = Debug|Any CPU
		{6C9E00C1-8086-4CA7-8250-4D2434EE0855}.Release|Any CPU.ActiveCfg = Release|Any CPU
		{6C9E00C1-8086-4CA7-8250-4D2434EE0855}.Release|Any CPU.Build.0 = Release|Any CPU
		{4699A31A-C730-4290-8043-34161F7A86D9}.Debug|Any CPU.ActiveCfg = Debug|Any CPU
		{4699A31A-C730-4290-8043-34161F7A86D9}.Debug|Any CPU.Build.0 = Debug|Any CPU
		{4699A31A-C730-4290-8043-34161F7A86D9}.Release|Any CPU.ActiveCfg = Release|Any CPU
		{4699A31A-C730-4290-8043-34161F7A86D9}.Release|Any CPU.Build.0 = Release|Any CPU
		{4D6695E1-EDD0-4A98-814D-B024EBC6D2A3}.Debug|Any CPU.ActiveCfg = Debug|Any CPU
		{4D6695E1-EDD0-4A98-814D-B024EBC6D2A3}.Debug|Any CPU.Build.0 = Debug|Any CPU
		{4D6695E1-EDD0-4A98-814D-B024EBC6D2A3}.Release|Any CPU.ActiveCfg = Release|Any CPU
		{4D6695E1-EDD0-4A98-814D-B024EBC6D2A3}.Release|Any CPU.Build.0 = Release|Any CPU
	EndGlobalSection
	GlobalSection(SolutionProperties) = preSolution
		HideSolutionNode = FALSE
	EndGlobalSection
	GlobalSection(ExtensibilityGlobals) = postSolution
		SolutionGuid = {1AD0129C-1A6F-4B77-ADCA-37A2153AD1DC}
	EndGlobalSection
EndGlobal
