
Microsoft Visual Studio Solution File, Format Version 12.00
# Visual Studio Version 17
VisualStudioVersion = 17.3.32825.248
MinimumVisualStudioVersion = 10.0.40219.1
Project("{9A19103F-16F7-4668-BE54-9A1E7A4F7556}") = "dominikz.dev", "dominikz.dev\dominikz.dev.csproj", "{DFA87E2F-FDD1-46C7-A397-67180311F5DA}"
EndProject
Project("{9A19103F-16F7-4668-BE54-9A1E7A4F7556}") = "dominikz.kernel", "dominikz.kernel\dominikz.kernel.csproj", "{569999F0-CFCD-43EE-B198-52E42C6A971C}"
EndProject
Project("{9A19103F-16F7-4668-BE54-9A1E7A4F7556}") = "dominikz.api", "dominikz.Api\dominikz.api.csproj", "{E98FB977-CE40-4F68-9314-D9B70D3140B2}"
EndProject
Global
	GlobalSection(SolutionConfigurationPlatforms) = preSolution
		Debug|Any CPU = Debug|Any CPU
		Release|Any CPU = Release|Any CPU
	EndGlobalSection
	GlobalSection(ProjectConfigurationPlatforms) = postSolution
		{DFA87E2F-FDD1-46C7-A397-67180311F5DA}.Debug|Any CPU.ActiveCfg = Debug|Any CPU
		{DFA87E2F-FDD1-46C7-A397-67180311F5DA}.Debug|Any CPU.Build.0 = Debug|Any CPU
		{DFA87E2F-FDD1-46C7-A397-67180311F5DA}.Release|Any CPU.ActiveCfg = Release|Any CPU
		{DFA87E2F-FDD1-46C7-A397-67180311F5DA}.Release|Any CPU.Build.0 = Release|Any CPU
		{569999F0-CFCD-43EE-B198-52E42C6A971C}.Debug|Any CPU.ActiveCfg = Debug|Any CPU
		{569999F0-CFCD-43EE-B198-52E42C6A971C}.Debug|Any CPU.Build.0 = Debug|Any CPU
		{569999F0-CFCD-43EE-B198-52E42C6A971C}.Release|Any CPU.ActiveCfg = Release|Any CPU
		{569999F0-CFCD-43EE-B198-52E42C6A971C}.Release|Any CPU.Build.0 = Release|Any CPU
		{E98FB977-CE40-4F68-9314-D9B70D3140B2}.Debug|Any CPU.ActiveCfg = Debug|Any CPU
		{E98FB977-CE40-4F68-9314-D9B70D3140B2}.Debug|Any CPU.Build.0 = Debug|Any CPU
		{E98FB977-CE40-4F68-9314-D9B70D3140B2}.Release|Any CPU.ActiveCfg = Release|Any CPU
		{E98FB977-CE40-4F68-9314-D9B70D3140B2}.Release|Any CPU.Build.0 = Release|Any CPU
	EndGlobalSection
	GlobalSection(SolutionProperties) = preSolution
		HideSolutionNode = FALSE
	EndGlobalSection
	GlobalSection(ExtensibilityGlobals) = postSolution
		SolutionGuid = {A843009B-55FA-415D-88CB-605385568406}
	EndGlobalSection
EndGlobal
